{
  "name": "MMM-MozillaVoice",
  "version": "1.0.0",
  "lockfileVersion": 1,
  "requires": true,
  "dependencies": {
    "speaktome-api": {
      "version": "0.2.1",
      "resolved": "https://registry.npmjs.org/speaktome-api/-/speaktome-api-0.2.1.tgz",
      "integrity": "sha512-QKj1IdxKD9bxUfAwqBuc+Xa8J4psleATppWr6ZV4QYUUFo9ONXC7uRrJsqPggmppvquW+ICHBQz8xaccanpczg=="
    }
  }
}
